// !$*UTF8*$!
{
	archiveVersion = 1;
	classes = {
	};
	objectVersion = 56;
	objects = {

/* Begin PBXBuildFile section */
		4094270A2C4C553B003B523A /* RecipeSaverApp.swift in Sources */ = {isa = PBXBuildFile; fileRef = 409427092C4C553B003B523A /* RecipeSaverApp.swift */; };
		4094270C2C4C553B003B523A /* ContentView.swift in Sources */ = {isa = PBXBuildFile; fileRef = 4094270B2C4C553B003B523A /* ContentView.swift */; };
		4094270E2C4C553D003B523A /* Assets.xcassets in Resources */ = {isa = PBXBuildFile; fileRef = 4094270D2C4C553D003B523A /* Assets.xcassets */; };
		409427112C4C553D003B523A /* Preview Assets.xcassets in Resources */ = {isa = PBXBuildFile; fileRef = 409427102C4C553D003B523A /* Preview Assets.xcassets */; };
		4094271E2C4C574D003B523A /* HomeView.swift in Sources */ = {isa = PBXBuildFile; fileRef = 4094271D2C4C574D003B523A /* HomeView.swift */; };
		409427202C4C575C003B523A /* CategoriesView.swift in Sources */ = {isa = PBXBuildFile; fileRef = 4094271F2C4C575C003B523A /* CategoriesView.swift */; };
		409427222C4C5775003B523A /* NewRecipeView.swift in Sources */ = {isa = PBXBuildFile; fileRef = 409427212C4C5775003B523A /* NewRecipeView.swift */; };
		409427242C4C5789003B523A /* FavoritesView.swift in Sources */ = {isa = PBXBuildFile; fileRef = 409427232C4C5789003B523A /* FavoritesView.swift */; };
		409427262C4C5795003B523A /* SettingsView.swift in Sources */ = {isa = PBXBuildFile; fileRef = 409427252C4C5795003B523A /* SettingsView.swift */; };
		409427282C4D346E003B523A /* TabBar.swift in Sources */ = {isa = PBXBuildFile; fileRef = 409427272C4D346E003B523A /* TabBar.swift */; };
		4094272A2C4D3C11003B523A /* RecipeModel.swift in Sources */ = {isa = PBXBuildFile; fileRef = 409427292C4D3C11003B523A /* RecipeModel.swift */; };
		4094272C2C4D4E7F003B523A /* RecipeCard.swift in Sources */ = {isa = PBXBuildFile; fileRef = 4094272B2C4D4E7F003B523A /* RecipeCard.swift */; };
		409427322C4D9637003B523A /* RecipeList.swift in Sources */ = {isa = PBXBuildFile; fileRef = 409427312C4D9637003B523A /* RecipeList.swift */; };
/* End PBXBuildFile section */

/* Begin PBXFileReference section */
		409427062C4C553B003B523A /* RecipeSaver.app */ = {isa = PBXFileReference; explicitFileType = wrapper.application; includeInIndex = 0; path = RecipeSaver.app; sourceTree = BUILT_PRODUCTS_DIR; };
		409427092C4C553B003B523A /* RecipeSaverApp.swift */ = {isa = PBXFileReference; lastKnownFileType = sourcecode.swift; path = RecipeSaverApp.swift; sourceTree = "<group>"; };
		4094270B2C4C553B003B523A /* ContentView.swift */ = {isa = PBXFileReference; lastKnownFileType = sourcecode.swift; path = ContentView.swift; sourceTree = "<group>"; };
		4094270D2C4C553D003B523A /* Assets.xcassets */ = {isa = PBXFileReference; lastKnownFileType = folder.assetcatalog; path = Assets.xcassets; sourceTree = "<group>"; };
		409427102C4C553D003B523A /* Preview Assets.xcassets */ = {isa = PBXFileReference; lastKnownFileType = folder.assetcatalog; path = "Preview Assets.xcassets"; sourceTree = "<group>"; };
		4094271D2C4C574D003B523A /* HomeView.swift */ = {isa = PBXFileReference; lastKnownFileType = sourcecode.swift; path = HomeView.swift; sourceTree = "<group>"; };
		4094271F2C4C575C003B523A /* CategoriesView.swift */ = {isa = PBXFileReference; lastKnownFileType = sourcecode.swift; path = CategoriesView.swift; sourceTree = "<group>"; };
		409427212C4C5775003B523A /* NewRecipeView.swift */ = {isa = PBXFileReference; lastKnownFileType = sourcecode.swift; path = NewRecipeView.swift; sourceTree = "<group>"; };
		409427232C4C5789003B523A /* FavoritesView.swift */ = {isa = PBXFileReference; lastKnownFileType = sourcecode.swift; path = FavoritesView.swift; sourceTree = "<group>"; };
		409427252C4C5795003B523A /* SettingsView.swift */ = {isa = PBXFileReference; lastKnownFileType = sourcecode.swift; path = SettingsView.swift; sourceTree = "<group>"; };
		409427272C4D346E003B523A /* TabBar.swift */ = {isa = PBXFileReference; lastKnownFileType = sourcecode.swift; path = TabBar.swift; sourceTree = "<group>"; };
		409427292C4D3C11003B523A /* RecipeModel.swift */ = {isa = PBXFileReference; lastKnownFileType = sourcecode.swift; path = RecipeModel.swift; sourceTree = "<group>"; };
		4094272B2C4D4E7F003B523A /* RecipeCard.swift */ = {isa = PBXFileReference; lastKnownFileType = sourcecode.swift; path = RecipeCard.swift; sourceTree = "<group>"; };
		409427312C4D9637003B523A /* RecipeList.swift */ = {isa = PBXFileReference; lastKnownFileType = sourcecode.swift; path = RecipeList.swift; sourceTree = "<group>"; };
/* End PBXFileReference section */

/* Begin PBXFrameworksBuildPhase section */
		409427032C4C553B003B523A /* Frameworks */ = {
			isa = PBXFrameworksBuildPhase;
			buildActionMask = 2147483647;
			files = (
			);
			runOnlyForDeploymentPostprocessing = 0;
		};
/* End PBXFrameworksBuildPhase section */

/* Begin PBXGroup section */
		409426FD2C4C553B003B523A = {
			isa = PBXGroup;
			children = (
				409427082C4C553B003B523A /* RecipeSaver */,
				409427072C4C553B003B523A /* Products */,
			);
			sourceTree = "<group>";
		};
		409427072C4C553B003B523A /* Products */ = {
			isa = PBXGroup;
			children = (
				409427062C4C553B003B523A /* RecipeSaver.app */,
			);
			name = Products;
			sourceTree = "<group>";
		};
		409427082C4C553B003B523A /* RecipeSaver */ = {
			isa = PBXGroup;
			children = (
				409427092C4C553B003B523A /* RecipeSaverApp.swift */,
				409427182C4C56D3003B523A /* ViewModels */,
				409427192C4C56F7003B523A /* Models */,
				409427172C4C56CC003B523A /* Views */,
				4094270D2C4C553D003B523A /* Assets.xcassets */,
				4094270F2C4C553D003B523A /* Preview Content */,
			);
			path = RecipeSaver;
			sourceTree = "<group>";
		};
		4094270F2C4C553D003B523A /* Preview Content */ = {
			isa = PBXGroup;
			children = (
				409427102C4C553D003B523A /* Preview Assets.xcassets */,
			);
			path = "Preview Content";
			sourceTree = "<group>";
		};
		409427172C4C56CC003B523A /* Views */ = {
			isa = PBXGroup;
			children = (
				4094271C2C4C5720003B523A /* Components */,
				4094271B2C4C5719003B523A /* Detail */,
				4094271A2C4C5712003B523A /* Main */,
			);
			path = Views;
			sourceTree = "<group>";
		};
		409427182C4C56D3003B523A /* ViewModels */ = {
			isa = PBXGroup;
			children = (
			);
			path = ViewModels;
			sourceTree = "<group>";
		};
		409427192C4C56F7003B523A /* Models */ = {
			isa = PBXGroup;
			children = (
				409427292C4D3C11003B523A /* RecipeModel.swift */,
			);
			path = Models;
			sourceTree = "<group>";
		};
		4094271A2C4C5712003B523A /* Main */ = {
			isa = PBXGroup;
			children = (
				4094270B2C4C553B003B523A /* ContentView.swift */,
				409427272C4D346E003B523A /* TabBar.swift */,
				4094271D2C4C574D003B523A /* HomeView.swift */,
				4094271F2C4C575C003B523A /* CategoriesView.swift */,
				409427212C4C5775003B523A /* NewRecipeView.swift */,
				409427232C4C5789003B523A /* FavoritesView.swift */,
				409427252C4C5795003B523A /* SettingsView.swift */,
			);
			path = Main;
			sourceTree = "<group>";
		};
		4094271B2C4C5719003B523A /* Detail */ = {
			isa = PBXGroup;
			children = (
			);
			path = Detail;
			sourceTree = "<group>";
		};
		4094271C2C4C5720003B523A /* Components */ = {
			isa = PBXGroup;
			children = (
				4094272B2C4D4E7F003B523A /* RecipeCard.swift */,
				409427312C4D9637003B523A /* RecipeList.swift */,
			);
			path = Components;
			sourceTree = "<group>";
		};
/* End PBXGroup section */

/* Begin PBXNativeTarget section */
		409427052C4C553B003B523A /* RecipeSaver */ = {
			isa = PBXNativeTarget;
			buildConfigurationList = 409427142C4C553D003B523A /* Build configuration list for PBXNativeTarget "RecipeSaver" */;
			buildPhases = (
				409427022C4C553B003B523A /* Sources */,
				409427032C4C553B003B523A /* Frameworks */,
				409427042C4C553B003B523A /* Resources */,
			);
			buildRules = (
			);
			dependencies = (
			);
			name = RecipeSaver;
			productName = RecipeSaver;
			productReference = 409427062C4C553B003B523A /* RecipeSaver.app */;
			productType = "com.apple.product-type.application";
		};
/* End PBXNativeTarget section */

/* Begin PBXProject section */
		409426FE2C4C553B003B523A /* Project object */ = {
			isa = PBXProject;
			attributes = {
				BuildIndependentTargetsInParallel = 1;
				LastSwiftUpdateCheck = 1520;
				LastUpgradeCheck = 1520;
				TargetAttributes = {
					409427052C4C553B003B523A = {
						CreatedOnToolsVersion = 15.2;
					};
				};
			};
			buildConfigurationList = 409427012C4C553B003B523A /* Build configuration list for PBXProject "RecipeSaver" */;
			compatibilityVersion = "Xcode 14.0";
			developmentRegion = en;
			hasScannedForEncodings = 0;
			knownRegions = (
				en,
				Base,
			);
			mainGroup = 409426FD2C4C553B003B523A;
			productRefGroup = 409427072C4C553B003B523A /* Products */;
			projectDirPath = "";
			projectRoot = "";
			targets = (
				409427052C4C553B003B523A /* RecipeSaver */,
			);
		};
/* End PBXProject section */

/* Begin PBXResourcesBuildPhase section */
		409427042C4C553B003B523A /* Resources */ = {
			isa = PBXResourcesBuildPhase;
			buildActionMask = 2147483647;
			files = (
				409427112C4C553D003B523A /* Preview Assets.xcassets in Resources */,
				4094270E2C4C553D003B523A /* Assets.xcassets in Resources */,
			);
			runOnlyForDeploymentPostprocessing = 0;
		};
/* End PBXResourcesBuildPhase section */

/* Begin PBXSourcesBuildPhase section */
		409427022C4C553B003B523A /* Sources */ = {
			isa = PBXSourcesBuildPhase;
			buildActionMask = 2147483647;
			files = (
				409427262C4C5795003B523A /* SettingsView.swift in Sources */,
				4094272C2C4D4E7F003B523A /* RecipeCard.swift in Sources */,
				409427202C4C575C003B523A /* CategoriesView.swift in Sources */,
				409427222C4C5775003B523A /* NewRecipeView.swift in Sources */,
				409427282C4D346E003B523A /* TabBar.swift in Sources */,
				409427242C4C5789003B523A /* FavoritesView.swift in Sources */,
				409427322C4D9637003B523A /* RecipeList.swift in Sources */,
				4094271E2C4C574D003B523A /* HomeView.swift in Sources */,
				4094270C2C4C553B003B523A /* ContentView.swift in Sources */,
				4094270A2C4C553B003B523A /* RecipeSaverApp.swift in Sources */,
				4094272A2C4D3C11003B523A /* RecipeModel.swift in Sources */,
			);
			runOnlyForDeploymentPostprocessing = 0;
		};
/* End PBXSourcesBuildPhase section */

/* Begin XCBuildConfiguration section */
		409427122C4C553D003B523A /* Debug */ = {
			isa = XCBuildConfiguration;
			buildSettings = {
				ALWAYS_SEARCH_USER_PATHS = NO;
				ASSETCATALOG_COMPILER_GENERATE_SWIFT_ASSET_SYMBOL_EXTENSIONS = YES;
				CLANG_ANALYZER_NONNULL = YES;
				CLANG_ANALYZER_NUMBER_OBJECT_CONVERSION = YES_AGGRESSIVE;
				CLANG_CXX_LANGUAGE_STANDARD = "gnu++20";
				CLANG_ENABLE_MODULES = YES;
				CLANG_ENABLE_OBJC_ARC = YES;
				CLANG_ENABLE_OBJC_WEAK = YES;
				CLANG_WARN_BLOCK_CAPTURE_AUTORELEASING = YES;
				CLANG_WARN_BOOL_CONVERSION = YES;
				CLANG_WARN_COMMA = YES;
				CLANG_WARN_CONSTANT_CONVERSION = YES;
				CLANG_WARN_DEPRECATED_OBJC_IMPLEMENTATIONS = YES;
				CLANG_WARN_DIRECT_OBJC_ISA_USAGE = YES_ERROR;
				CLANG_WARN_DOCUMENTATION_COMMENTS = YES;
				CLANG_WARN_EMPTY_BODY = YES;
				CLANG_WARN_ENUM_CONVERSION = YES;
				CLANG_WARN_INFINITE_RECURSION = YES;
				CLANG_WARN_INT_CONVERSION = YES;
				CLANG_WARN_NON_LITERAL_NULL_CONVERSION = YES;
				CLANG_WARN_OBJC_IMPLICIT_RETAIN_SELF = YES;
				CLANG_WARN_OBJC_LITERAL_CONVERSION = YES;
				CLANG_WARN_OBJC_ROOT_CLASS = YES_ERROR;
				CLANG_WARN_QUOTED_INCLUDE_IN_FRAMEWORK_HEADER = YES;
				CLANG_WARN_RANGE_LOOP_ANALYSIS = YES;
				CLANG_WARN_STRICT_PROTOTYPES = YES;
				CLANG_WARN_SUSPICIOUS_MOVE = YES;
				CLANG_WARN_UNGUARDED_AVAILABILITY = YES_AGGRESSIVE;
				CLANG_WARN_UNREACHABLE_CODE = YES;
				CLANG_WARN__DUPLICATE_METHOD_MATCH = YES;
				COPY_PHASE_STRIP = NO;
				DEBUG_INFORMATION_FORMAT = dwarf;
				ENABLE_STRICT_OBJC_MSGSEND = YES;
				ENABLE_TESTABILITY = YES;
				ENABLE_USER_SCRIPT_SANDBOXING = YES;
				GCC_C_LANGUAGE_STANDARD = gnu17;
				GCC_DYNAMIC_NO_PIC = NO;
				GCC_NO_COMMON_BLOCKS = YES;
				GCC_OPTIMIZATION_LEVEL = 0;
				GCC_PREPROCESSOR_DEFINITIONS = (
					"DEBUG=1",
					"$(inherited)",
				);
				GCC_WARN_64_TO_32_BIT_CONVERSION = YES;
				GCC_WARN_ABOUT_RETURN_TYPE = YES_ERROR;
				GCC_WARN_UNDECLARED_SELECTOR = YES;
				GCC_WARN_UNINITIALIZED_AUTOS = YES_AGGRESSIVE;
				GCC_WARN_UNUSED_FUNCTION = YES;
				GCC_WARN_UNUSED_VARIABLE = YES;
				IPHONEOS_DEPLOYMENT_TARGET = 17.2;
				LOCALIZATION_PREFERS_STRING_CATALOGS = YES;
				MTL_ENABLE_DEBUG_INFO = INCLUDE_SOURCE;
				MTL_FAST_MATH = YES;
				ONLY_ACTIVE_ARCH = YES;
				SDKROOT = iphoneos;
				SWIFT_ACTIVE_COMPILATION_CONDITIONS = "DEBUG $(inherited)";
				SWIFT_OPTIMIZATION_LEVEL = "-Onone";
			};
			name = Debug;
		};
		409427132C4C553D003B523A /* Release */ = {
			isa = XCBuildConfiguration;
			buildSettings = {
				ALWAYS_SEARCH_USER_PATHS = NO;
				ASSETCATALOG_COMPILER_GENERATE_SWIFT_ASSET_SYMBOL_EXTENSIONS = YES;
				CLANG_ANALYZER_NONNULL = YES;
				CLANG_ANALYZER_NUMBER_OBJECT_CONVERSION = YES_AGGRESSIVE;
				CLANG_CXX_LANGUAGE_STANDARD = "gnu++20";
				CLANG_ENABLE_MODULES = YES;
				CLANG_ENABLE_OBJC_ARC = YES;
				CLANG_ENABLE_OBJC_WEAK = YES;
				CLANG_WARN_BLOCK_CAPTURE_AUTORELEASING = YES;
				CLANG_WARN_BOOL_CONVERSION = YES;
				CLANG_WARN_COMMA = YES;
				CLANG_WARN_CONSTANT_CONVERSION = YES;
				CLANG_WARN_DEPRECATED_OBJC_IMPLEMENTATIONS = YES;
				CLANG_WARN_DIRECT_OBJC_ISA_USAGE = YES_ERROR;
				CLANG_WARN_DOCUMENTATION_COMMENTS = YES;
				CLANG_WARN_EMPTY_BODY = YES;
				CLANG_WARN_ENUM_CONVERSION = YES;
				CLANG_WARN_INFINITE_RECURSION = YES;
				CLANG_WARN_INT_CONVERSION = YES;
				CLANG_WARN_NON_LITERAL_NULL_CONVERSION = YES;
				CLANG_WARN_OBJC_IMPLICIT_RETAIN_SELF = YES;
				CLANG_WARN_OBJC_LITERAL_CONVERSION = YES;
				CLANG_WARN_OBJC_ROOT_CLASS = YES_ERROR;
				CLANG_WARN_QUOTED_INCLUDE_IN_FRAMEWORK_HEADER = YES;
				CLANG_WARN_RANGE_LOOP_ANALYSIS = YES;
				CLANG_WARN_STRICT_PROTOTYPES = YES;
				CLANG_WARN_SUSPICIOUS_MOVE = YES;
				CLANG_WARN_UNGUARDED_AVAILABILITY = YES_AGGRESSIVE;
				CLANG_WARN_UNREACHABLE_CODE = YES;
				CLANG_WARN__DUPLICATE_METHOD_MATCH = YES;
				COPY_PHASE_STRIP = NO;
				DEBUG_INFORMATION_FORMAT = "dwarf-with-dsym";
				ENABLE_NS_ASSERTIONS = NO;
				ENABLE_STRICT_OBJC_MSGSEND = YES;
				ENABLE_USER_SCRIPT_SANDBOXING = YES;
				GCC_C_LANGUAGE_STANDARD = gnu17;
				GCC_NO_COMMON_BLOCKS = YES;
				GCC_WARN_64_TO_32_BIT_CONVERSION = YES;
				GCC_WARN_ABOUT_RETURN_TYPE = YES_ERROR;
				GCC_WARN_UNDECLARED_SELECTOR = YES;
				GCC_WARN_UNINITIALIZED_AUTOS = YES_AGGRESSIVE;
				GCC_WARN_UNUSED_FUNCTION = YES;
				GCC_WARN_UNUSED_VARIABLE = YES;
				IPHONEOS_DEPLOYMENT_TARGET = 17.2;
				LOCALIZATION_PREFERS_STRING_CATALOGS = YES;
				MTL_ENABLE_DEBUG_INFO = NO;
				MTL_FAST_MATH = YES;
				SDKROOT = iphoneos;
				SWIFT_COMPILATION_MODE = wholemodule;
				VALIDATE_PRODUCT = YES;
			};
			name = Release;
		};
		409427152C4C553D003B523A /* Debug */ = {
			isa = XCBuildConfiguration;
			buildSettings = {
				ASSETCATALOG_COMPILER_APPICON_NAME = AppIcon;
				ASSETCATALOG_COMPILER_GLOBAL_ACCENT_COLOR_NAME = AccentColor;
				CODE_SIGN_STYLE = Automatic;
				CURRENT_PROJECT_VERSION = 1;
				DEVELOPMENT_ASSET_PATHS = "\"RecipeSaver/Preview Content\"";
				DEVELOPMENT_TEAM = 79BT787T5X;
				ENABLE_PREVIEWS = YES;
				GENERATE_INFOPLIST_FILE = YES;
				INFOPLIST_KEY_UIApplicationSceneManifest_Generation = YES;
				INFOPLIST_KEY_UIApplicationSupportsIndirectInputEvents = YES;
				INFOPLIST_KEY_UILaunchScreen_Generation = YES;
				INFOPLIST_KEY_UISupportedInterfaceOrientations_iPad = "UIInterfaceOrientationPortrait UIInterfaceOrientationPortraitUpsideDown UIInterfaceOrientationLandscapeLeft UIInterfaceOrientationLandscapeRight";
				INFOPLIST_KEY_UISupportedInterfaceOrientations_iPhone = "UIInterfaceOrientationPortrait UIInterfaceOrientationLandscapeLeft UIInterfaceOrientationLandscapeRight";
				LD_RUNPATH_SEARCH_PATHS = (
					"$(inherited)",
					"@executable_path/Frameworks",
				);
				MARKETING_VERSION = 1.0;
				PRODUCT_BUNDLE_IDENTIFIER = com.esma.RecipeSaver;
				PRODUCT_NAME = "$(TARGET_NAME)";
				SWIFT_EMIT_LOC_STRINGS = YES;
				SWIFT_VERSION = 5.0;
				TARGETED_DEVICE_FAMILY = "1,2";
			};
			name = Debug;
		};
		409427162C4C553D003B523A /* Release */ = {
			isa = XCBuildConfiguration;
			buildSettings = {
				ASSETCATALOG_COMPILER_APPICON_NAME = AppIcon;
				ASSETCATALOG_COMPILER_GLOBAL_ACCENT_COLOR_NAME = AccentColor;
				CODE_SIGN_STYLE = Automatic;
				CURRENT_PROJECT_VERSION = 1;
				DEVELOPMENT_ASSET_PATHS = "\"RecipeSaver/Preview Content\"";
				DEVELOPMENT_TEAM = 79BT787T5X;
				ENABLE_PREVIEWS = YES;
				GENERATE_INFOPLIST_FILE = YES;
				INFOPLIST_KEY_UIApplicationSceneManifest_Generation = YES;
				INFOPLIST_KEY_UIApplicationSupportsIndirectInputEvents = YES;
				INFOPLIST_KEY_UILaunchScreen_Generation = YES;
				INFOPLIST_KEY_UISupportedInterfaceOrientations_iPad = "UIInterfaceOrientationPortrait UIInterfaceOrientationPortraitUpsideDown UIInterfaceOrientationLandscapeLeft UIInterfaceOrientationLandscapeRight";
				INFOPLIST_KEY_UISupportedInterfaceOrientations_iPhone = "UIInterfaceOrientationPortrait UIInterfaceOrientationLandscapeLeft UIInterfaceOrientationLandscapeRight";
				LD_RUNPATH_SEARCH_PATHS = (
					"$(inherited)",
					"@executable_path/Frameworks",
				);
				MARKETING_VERSION = 1.0;
				PRODUCT_BUNDLE_IDENTIFIER = com.esma.RecipeSaver;
				PRODUCT_NAME = "$(TARGET_NAME)";
				SWIFT_EMIT_LOC_STRINGS = YES;
				SWIFT_VERSION = 5.0;
				TARGETED_DEVICE_FAMILY = "1,2";
			};
			name = Release;
		};
/* End XCBuildConfiguration section */

/* Begin XCConfigurationList section */
		409427012C4C553B003B523A /* Build configuration list for PBXProject "RecipeSaver" */ = {
			isa = XCConfigurationList;
			buildConfigurations = (
				409427122C4C553D003B523A /* Debug */,
				409427132C4C553D003B523A /* Release */,
			);
			defaultConfigurationIsVisible = 0;
			defaultConfigurationName = Release;
		};
		409427142C4C553D003B523A /* Build configuration list for PBXNativeTarget "RecipeSaver" */ = {
			isa = XCConfigurationList;
			buildConfigurations = (
				409427152C4C553D003B523A /* Debug */,
				409427162C4C553D003B523A /* Release */,
			);
			defaultConfigurationIsVisible = 0;
			defaultConfigurationName = Release;
		};
/* End XCConfigurationList section */
	};
	rootObject = 409426FE2C4C553B003B523A /* Project object */;
}
